
Microsoft Visual Studio Solution File, Format Version 12.00
# Visual Studio 14
VisualStudioVersion = 14.0.25420.1
MinimumVisualStudioVersion = 10.0.40219.1
Project("{FAE04EC0-301F-11D3-BF4B-00C04F79EFBC}") = "UniSell.NET.ConsoleClient", "UniSell.NET.ConsoleClient\UniSell.NET.ConsoleClient.csproj", "{109CA40F-49DD-4EBD-BA98-A2D476A90AC8}"
EndProject
Project("{FAE04EC0-301F-11D3-BF4B-00C04F79EFBC}") = "UniSell.NET.RESTProvider", "UniSell.NET.RESTProvider\UniSell.NET.RESTProvider.csproj", "{27927F3D-4493-4E3E-B4B1-B1FF9C983CAC}"
EndProject
Project("{FAE04EC0-301F-11D3-BF4B-00C04F79EFBC}") = "UniSell.NET.BPEL.PayPalPayment", "UniSell.NET.BPEL.PayPalPayment\UniSell.NET.BPEL.PayPalPayment.csproj", "{537A57EF-4C3C-4E2F-BD98-3582E006E8B7}"
EndProject
Global
	GlobalSection(SolutionConfigurationPlatforms) = preSolution
		Debug|Any CPU = Debug|Any CPU
		Release|Any CPU = Release|Any CPU
	EndGlobalSection
	GlobalSection(ProjectConfigurationPlatforms) = postSolution
		{109CA40F-49DD-4EBD-BA98-A2D476A90AC8}.Debug|Any CPU.ActiveCfg = Debug|Any CPU
		{109CA40F-49DD-4EBD-BA98-A2D476A90AC8}.Debug|Any CPU.Build.0 = Debug|Any CPU
		{109CA40F-49DD-4EBD-BA98-A2D476A90AC8}.Release|Any CPU.ActiveCfg = Release|Any CPU
		{109CA40F-49DD-4EBD-BA98-A2D476A90AC8}.Release|Any CPU.Build.0 = Release|Any CPU
		{27927F3D-4493-4E3E-B4B1-B1FF9C983CAC}.Debug|Any CPU.ActiveCfg = Debug|Any CPU
		{27927F3D-4493-4E3E-B4B1-B1FF9C983CAC}.Debug|Any CPU.Build.0 = Debug|Any CPU
		{27927F3D-4493-4E3E-B4B1-B1FF9C983CAC}.Release|Any CPU.ActiveCfg = Release|Any CPU
		{27927F3D-4493-4E3E-B4B1-B1FF9C983CAC}.Release|Any CPU.Build.0 = Release|Any CPU
		{537A57EF-4C3C-4E2F-BD98-3582E006E8B7}.Debug|Any CPU.ActiveCfg = Debug|Any CPU
		{537A57EF-4C3C-4E2F-BD98-3582E006E8B7}.Debug|Any CPU.Build.0 = Debug|Any CPU
		{537A57EF-4C3C-4E2F-BD98-3582E006E8B7}.Release|Any CPU.ActiveCfg = Release|Any CPU
		{537A57EF-4C3C-4E2F-BD98-3582E006E8B7}.Release|Any CPU.Build.0 = Release|Any CPU
	EndGlobalSection
	GlobalSection(SolutionProperties) = preSolution
		HideSolutionNode = FALSE
	EndGlobalSection
EndGlobal
